
Microsoft Visual Studio Solution File, Format Version 12.00
Project("{FAE04EC0-301F-11D3-BF4B-00C04F79EFBC}") = "CLASSIC", "CLASSIC\CLASSIC.csproj", "{2909F490-70D7-4E3B-B951-F831404A57E5}"
EndProject
Global
	GlobalSection(SolutionConfigurationPlatforms) = preSolution
		Debug|Any CPU = Debug|Any CPU
		Release|Any CPU = Release|Any CPU
	EndGlobalSection
	GlobalSection(ProjectConfigurationPlatforms) = postSolution
		{2909F490-70D7-4E3B-B951-F831404A57E5}.Debug|Any CPU.ActiveCfg = Debug|Any CPU
		{2909F490-70D7-4E3B-B951-F831404A57E5}.Debug|Any CPU.Build.0 = Debug|Any CPU
		{2909F490-70D7-4E3B-B951-F831404A57E5}.Release|Any CPU.ActiveCfg = Release|Any CPU
		{2909F490-70D7-4E3B-B951-F831404A57E5}.Release|Any CPU.Build.0 = Release|Any CPU
	EndGlobalSection
EndGlobal
